
Microsoft Visual Studio Solution File, Format Version 12.00
# Visual Studio Version 17
VisualStudioVersion = 17.13.35828.75 d17.13
MinimumVisualStudioVersion = 10.0.40219.1
Project("{FAE04EC0-301F-11D3-BF4B-00C04F79EFBC}") = "MotionController", "MotionController\MotionController.csproj", "{414B5C76-7C90-433E-99D4-0C254E10CFED}"
EndProject
Global
	GlobalSection(SolutionConfigurationPlatforms) = preSolution
		Debug|Any CPU = Debug|Any CPU
		Release|Any CPU = Release|Any CPU
	EndGlobalSection
	GlobalSection(ProjectConfigurationPlatforms) = postSolution
		{414B5C76-7C90-433E-99D4-0C254E10CFED}.Debug|Any CPU.ActiveCfg = Debug|Any CPU
		{414B5C76-7C90-433E-99D4-0C254E10CFED}.Debug|Any CPU.Build.0 = Debug|Any CPU
		{414B5C76-7C90-433E-99D4-0C254E10CFED}.Release|Any CPU.ActiveCfg = Release|Any CPU
		{414B5C76-7C90-433E-99D4-0C254E10CFED}.Release|Any CPU.Build.0 = Release|Any CPU
	EndGlobalSection
	GlobalSection(SolutionProperties) = preSolution
		HideSolutionNode = FALSE
	EndGlobalSection
	GlobalSection(ExtensibilityGlobals) = postSolution
		SolutionGuid = {18451A94-8542-493C-A548-D31077D1EB59}
	EndGlobalSection
EndGlobal
