
Microsoft Visual Studio Solution File, Format Version 12.00
# Visual Studio Version 17
VisualStudioVersion = 17.13.35828.75 d17.13
MinimumVisualStudioVersion = 10.0.40219.1
Project("{FAE04EC0-301F-11D3-BF4B-00C04F79EFBC}") = "CameraView", "CameraView\CameraView.csproj", "{E6795CBF-CCFA-4324-A550-2D7EC9FEC16B}"
EndProject
Global
	GlobalSection(SolutionConfigurationPlatforms) = preSolution
		Debug|Any CPU = Debug|Any CPU
		Release|Any CPU = Release|Any CPU
	EndGlobalSection
	GlobalSection(ProjectConfigurationPlatforms) = postSolution
		{E6795CBF-CCFA-4324-A550-2D7EC9FEC16B}.Debug|Any CPU.ActiveCfg = Debug|Any CPU
		{E6795CBF-CCFA-4324-A550-2D7EC9FEC16B}.Debug|Any CPU.Build.0 = Debug|Any CPU
		{E6795CBF-CCFA-4324-A550-2D7EC9FEC16B}.Release|Any CPU.ActiveCfg = Release|Any CPU
		{E6795CBF-CCFA-4324-A550-2D7EC9FEC16B}.Release|Any CPU.Build.0 = Release|Any CPU
	EndGlobalSection
	GlobalSection(SolutionProperties) = preSolution
		HideSolutionNode = FALSE
	EndGlobalSection
	GlobalSection(ExtensibilityGlobals) = postSolution
		SolutionGuid = {4E678DBE-9352-4334-88D3-ABB5D9272350}
	EndGlobalSection
EndGlobal
