
Microsoft Visual Studio Solution File, Format Version 12.00
# Visual Studio Version 17
VisualStudioVersion = 17.10.35004.147
MinimumVisualStudioVersion = 10.0.40219.1
Project("{FAE04EC0-301F-11D3-BF4B-00C04F79EFBC}") = "WinCC", "WinCC\WinCC.csproj", "{3D8D6B3D-3D68-4267-BE25-2CEB6F06897F}"
EndProject
Project("{FAE04EC0-301F-11D3-BF4B-00C04F79EFBC}") = "WinCC.Bll", "WinCC.Bll\WinCC.Bll.csproj", "{7687B704-CA2E-4490-8096-08C8A5B24490}"
EndProject
Project("{FAE04EC0-301F-11D3-BF4B-00C04F79EFBC}") = "CommonModels", "..\CommonModels\CommonModels\CommonModels.csproj", "{61FECA77-A07C-414F-BD80-3970B4233802}"
EndProject
Project("{FAE04EC0-301F-11D3-BF4B-00C04F79EFBC}") = "MotionController", "..\MotionController\MotionController\MotionController.csproj", "{414B5C76-7C90-433E-99D4-0C254E10CFED}"
EndProject
Project("{FAE04EC0-301F-11D3-BF4B-00C04F79EFBC}") = "Vision", "..\Vision\Vision\Vision.csproj", "{36BC97AF-A8E6-4941-969A-E91741C88D8F}"
EndProject
Project("{FAE04EC0-301F-11D3-BF4B-00C04F79EFBC}") = "FileController", "..\FileController\FileController\FileController.csproj", "{FF3CAA3A-07AB-49FA-9725-E79E033FC4DC}"
EndProject
Project("{FAE04EC0-301F-11D3-BF4B-00C04F79EFBC}") = "VisionOpenCv", "..\VisionOpenCv\VisionOpenCv\VisionOpenCv.csproj", "{89EC153D-BFEB-42BA-8A23-CD91F5950BB9}"
EndProject
Global
	GlobalSection(SolutionConfigurationPlatforms) = preSolution
		Debug|Any CPU = Debug|Any CPU
		Debug|x64 = Debug|x64
		Release|Any CPU = Release|Any CPU
		Release|x64 = Release|x64
	EndGlobalSection
	GlobalSection(ProjectConfigurationPlatforms) = postSolution
		{3D8D6B3D-3D68-4267-BE25-2CEB6F06897F}.Debug|Any CPU.ActiveCfg = Debug|Any CPU
		{3D8D6B3D-3D68-4267-BE25-2CEB6F06897F}.Debug|Any CPU.Build.0 = Debug|Any CPU
		{3D8D6B3D-3D68-4267-BE25-2CEB6F06897F}.Debug|x64.ActiveCfg = Debug|x64
		{3D8D6B3D-3D68-4267-BE25-2CEB6F06897F}.Debug|x64.Build.0 = Debug|x64
		{3D8D6B3D-3D68-4267-BE25-2CEB6F06897F}.Release|Any CPU.ActiveCfg = Release|Any CPU
		{3D8D6B3D-3D68-4267-BE25-2CEB6F06897F}.Release|Any CPU.Build.0 = Release|Any CPU
		{3D8D6B3D-3D68-4267-BE25-2CEB6F06897F}.Release|x64.ActiveCfg = Release|x64
		{3D8D6B3D-3D68-4267-BE25-2CEB6F06897F}.Release|x64.Build.0 = Release|x64
		{7687B704-CA2E-4490-8096-08C8A5B24490}.Debug|Any CPU.ActiveCfg = Debug|Any CPU
		{7687B704-CA2E-4490-8096-08C8A5B24490}.Debug|Any CPU.Build.0 = Debug|Any CPU
		{7687B704-CA2E-4490-8096-08C8A5B24490}.Debug|x64.ActiveCfg = Debug|Any CPU
		{7687B704-CA2E-4490-8096-08C8A5B24490}.Debug|x64.Build.0 = Debug|Any CPU
		{7687B704-CA2E-4490-8096-08C8A5B24490}.Release|Any CPU.ActiveCfg = Release|Any CPU
		{7687B704-CA2E-4490-8096-08C8A5B24490}.Release|Any CPU.Build.0 = Release|Any CPU
		{7687B704-CA2E-4490-8096-08C8A5B24490}.Release|x64.ActiveCfg = Release|Any CPU
		{7687B704-CA2E-4490-8096-08C8A5B24490}.Release|x64.Build.0 = Release|Any CPU
		{61FECA77-A07C-414F-BD80-3970B4233802}.Debug|Any CPU.ActiveCfg = Debug|Any CPU
		{61FECA77-A07C-414F-BD80-3970B4233802}.Debug|Any CPU.Build.0 = Debug|Any CPU
		{61FECA77-A07C-414F-BD80-3970B4233802}.Debug|x64.ActiveCfg = Debug|Any CPU
		{61FECA77-A07C-414F-BD80-3970B4233802}.Debug|x64.Build.0 = Debug|Any CPU
		{61FECA77-A07C-414F-BD80-3970B4233802}.Release|Any CPU.ActiveCfg = Release|Any CPU
		{61FECA77-A07C-414F-BD80-3970B4233802}.Release|Any CPU.Build.0 = Release|Any CPU
		{61FECA77-A07C-414F-BD80-3970B4233802}.Release|x64.ActiveCfg = Release|Any CPU
		{61FECA77-A07C-414F-BD80-3970B4233802}.Release|x64.Build.0 = Release|Any CPU
		{414B5C76-7C90-433E-99D4-0C254E10CFED}.Debug|Any CPU.ActiveCfg = Debug|Any CPU
		{414B5C76-7C90-433E-99D4-0C254E10CFED}.Debug|Any CPU.Build.0 = Debug|Any CPU
		{414B5C76-7C90-433E-99D4-0C254E10CFED}.Debug|x64.ActiveCfg = Debug|Any CPU
		{414B5C76-7C90-433E-99D4-0C254E10CFED}.Debug|x64.Build.0 = Debug|Any CPU
		{414B5C76-7C90-433E-99D4-0C254E10CFED}.Release|Any CPU.ActiveCfg = Release|Any CPU
		{414B5C76-7C90-433E-99D4-0C254E10CFED}.Release|Any CPU.Build.0 = Release|Any CPU
		{414B5C76-7C90-433E-99D4-0C254E10CFED}.Release|x64.ActiveCfg = Release|Any CPU
		{414B5C76-7C90-433E-99D4-0C254E10CFED}.Release|x64.Build.0 = Release|Any CPU
		{36BC97AF-A8E6-4941-969A-E91741C88D8F}.Debug|Any CPU.ActiveCfg = Debug|Any CPU
		{36BC97AF-A8E6-4941-969A-E91741C88D8F}.Debug|Any CPU.Build.0 = Debug|Any CPU
		{36BC97AF-A8E6-4941-969A-E91741C88D8F}.Debug|x64.ActiveCfg = Debug|Any CPU
		{36BC97AF-A8E6-4941-969A-E91741C88D8F}.Debug|x64.Build.0 = Debug|Any CPU
		{36BC97AF-A8E6-4941-969A-E91741C88D8F}.Release|Any CPU.ActiveCfg = Release|Any CPU
		{36BC97AF-A8E6-4941-969A-E91741C88D8F}.Release|Any CPU.Build.0 = Release|Any CPU
		{36BC97AF-A8E6-4941-969A-E91741C88D8F}.Release|x64.ActiveCfg = Release|Any CPU
		{36BC97AF-A8E6-4941-969A-E91741C88D8F}.Release|x64.Build.0 = Release|Any CPU
		{FF3CAA3A-07AB-49FA-9725-E79E033FC4DC}.Debug|Any CPU.ActiveCfg = Debug|Any CPU
		{FF3CAA3A-07AB-49FA-9725-E79E033FC4DC}.Debug|Any CPU.Build.0 = Debug|Any CPU
		{FF3CAA3A-07AB-49FA-9725-E79E033FC4DC}.Debug|x64.ActiveCfg = Debug|Any CPU
		{FF3CAA3A-07AB-49FA-9725-E79E033FC4DC}.Debug|x64.Build.0 = Debug|Any CPU
		{FF3CAA3A-07AB-49FA-9725-E79E033FC4DC}.Release|Any CPU.ActiveCfg = Release|Any CPU
		{FF3CAA3A-07AB-49FA-9725-E79E033FC4DC}.Release|Any CPU.Build.0 = Release|Any CPU
		{FF3CAA3A-07AB-49FA-9725-E79E033FC4DC}.Release|x64.ActiveCfg = Release|Any CPU
		{FF3CAA3A-07AB-49FA-9725-E79E033FC4DC}.Release|x64.Build.0 = Release|Any CPU
		{89EC153D-BFEB-42BA-8A23-CD91F5950BB9}.Debug|Any CPU.ActiveCfg = Debug|Any CPU
		{89EC153D-BFEB-42BA-8A23-CD91F5950BB9}.Debug|Any CPU.Build.0 = Debug|Any CPU
		{89EC153D-BFEB-42BA-8A23-CD91F5950BB9}.Debug|x64.ActiveCfg = Debug|Any CPU
		{89EC153D-BFEB-42BA-8A23-CD91F5950BB9}.Debug|x64.Build.0 = Debug|Any CPU
		{89EC153D-BFEB-42BA-8A23-CD91F5950BB9}.Release|Any CPU.ActiveCfg = Release|Any CPU
		{89EC153D-BFEB-42BA-8A23-CD91F5950BB9}.Release|Any CPU.Build.0 = Release|Any CPU
		{89EC153D-BFEB-42BA-8A23-CD91F5950BB9}.Release|x64.ActiveCfg = Release|Any CPU
		{89EC153D-BFEB-42BA-8A23-CD91F5950BB9}.Release|x64.Build.0 = Release|Any CPU
	EndGlobalSection
	GlobalSection(SolutionProperties) = preSolution
		HideSolutionNode = FALSE
	EndGlobalSection
	GlobalSection(ExtensibilityGlobals) = postSolution
		SolutionGuid = {0F418D29-809D-4DBF-A4B6-60444F57475E}
	EndGlobalSection
EndGlobal
